
Microsoft Visual Studio Solution File, Format Version 12.00
# Visual Studio 15
Project("{FAE04EC0-301F-11D3-BF4B-00C04F79EFBC}") = "Assembly-CSharp", "Assembly-CSharp.csproj", "{8AF7A8DF-CC8B-E4B5-0EE5-AB09D6FBD9F7}"
EndProject
Project("{FAE04EC0-301F-11D3-BF4B-00C04F79EFBC}") = "Assembly-CSharp-Editor", "Assembly-CSharp-Editor.csproj", "{43A45858-67FD-20CF-23F9-F54AA9264A1E}"
EndProject
Global
	GlobalSection(SolutionConfigurationPlatforms) = preSolution
		Debug|Any CPU = Debug|Any CPU
		Release|Any CPU = Release|Any CPU
	EndGlobalSection
	GlobalSection(ProjectConfigurationPlatforms) = postSolution
		{8AF7A8DF-CC8B-E4B5-0EE5-AB09D6FBD9F7}.Debug|Any CPU.ActiveCfg = Debug|Any CPU
		{8AF7A8DF-CC8B-E4B5-0EE5-AB09D6FBD9F7}.Debug|Any CPU.Build.0 = Debug|Any CPU
		{8AF7A8DF-CC8B-E4B5-0EE5-AB09D6FBD9F7}.Release|Any CPU.ActiveCfg = Release|Any CPU
		{8AF7A8DF-CC8B-E4B5-0EE5-AB09D6FBD9F7}.Release|Any CPU.Build.0 = Release|Any CPU
		{43A45858-67FD-20CF-23F9-F54AA9264A1E}.Debug|Any CPU.ActiveCfg = Debug|Any CPU
		{43A45858-67FD-20CF-23F9-F54AA9264A1E}.Debug|Any CPU.Build.0 = Debug|Any CPU
		{43A45858-67FD-20CF-23F9-F54AA9264A1E}.Release|Any CPU.ActiveCfg = Release|Any CPU
		{43A45858-67FD-20CF-23F9-F54AA9264A1E}.Release|Any CPU.Build.0 = Release|Any CPU
	EndGlobalSection
	GlobalSection(SolutionProperties) = preSolution
		HideSolutionNode = FALSE
	EndGlobalSection
EndGlobal
